
Microsoft Visual Studio Solution File, Format Version 12.00
# Visual Studio Version 16
VisualStudioVersion = 16.0.31410.357
MinimumVisualStudioVersion = 10.0.40219.1
Project("{9A19103F-16F7-4668-BE54-9A1E7A4F7556}") = "First_prg", "First_prg\First_prg.csproj", "{CE74B89A-40B3-4D2F-9D0E-B9195F4F79F6}"
EndProject
Project("{9A19103F-16F7-4668-BE54-9A1E7A4F7556}") = "DataTypes", "DataTypes\DataTypes.csproj", "{7FD5FA2B-64BE-47D9-AD6A-41002EECD86B}"
EndProject
Project("{9A19103F-16F7-4668-BE54-9A1E7A4F7556}") = "ValueType", "ValueType\ValueType.csproj", "{1D3DE631-6EB7-49D8-A0B0-1F26BAC8846E}"
EndProject
Project("{9A19103F-16F7-4668-BE54-9A1E7A4F7556}") = "ReferenceType", "ReferenceType\ReferenceType.csproj", "{240B6772-0D55-452B-B944-EF2960CDEDBE}"
EndProject
Project("{9A19103F-16F7-4668-BE54-9A1E7A4F7556}") = "NumberFormat", "NumberFormat\NumberFormat.csproj", "{4528FF47-7EA5-470E-9D5A-781E1879230D}"
EndProject
Project("{9A19103F-16F7-4668-BE54-9A1E7A4F7556}") = "DateTimeFormat", "DateTimeFormat\DateTimeFormat.csproj", "{F8F899D1-2D46-4FA7-8069-C4B13BB896C2}"
EndProject
Project("{9A19103F-16F7-4668-BE54-9A1E7A4F7556}") = "ImplicitlyTypedLocal", "ImplicitlyTypedLocal\ImplicitlyTypedLocal.csproj", "{5AAB3576-AB52-439D-93B6-3EDB3A2FA48C}"
EndProject
Project("{FAE04EC0-301F-11D3-BF4B-00C04F79EFBC}") = "AnonTypes", "AnonTypes\AnonTypes.csproj", "{BF073125-5436-4780-9D6B-8EB936532211}"
EndProject
Project("{2150E333-8FDC-42A3-9474-1A3956D46DE8}") = "Part4", "Part4", "{525401E4-66FC-4A24-B705-4ED0B98B2CB6}"
EndProject
Project("{FAE04EC0-301F-11D3-BF4B-00C04F79EFBC}") = "Ex1", "Ex1\Ex1.csproj", "{145BF244-3446-4DBE-841F-F1885D2D5640}"
EndProject
Project("{FAE04EC0-301F-11D3-BF4B-00C04F79EFBC}") = "Ex3", "Ex3\Ex3.csproj", "{39375D8C-B139-4520-B39D-593189F84F72}"
EndProject
Project("{FAE04EC0-301F-11D3-BF4B-00C04F79EFBC}") = "Ex4", "Ex4\Ex4.csproj", "{3C231EBA-1D04-4CB9-873C-7809C9D6B9E7}"
EndProject
Project("{FAE04EC0-301F-11D3-BF4B-00C04F79EFBC}") = "Ex5", "Ex5\Ex5.csproj", "{2A3FC62A-A8DC-44DB-AA29-C6B05BA2DBF2}"
EndProject
Project("{FAE04EC0-301F-11D3-BF4B-00C04F79EFBC}") = "Ex2", "Ex2\Ex2.csproj", "{E0A487D9-E760-4567-BA9D-5FDF147FA046}"
EndProject
Global
	GlobalSection(SolutionConfigurationPlatforms) = preSolution
		Debug|Any CPU = Debug|Any CPU
		Release|Any CPU = Release|Any CPU
	EndGlobalSection
	GlobalSection(ProjectConfigurationPlatforms) = postSolution
		{CE74B89A-40B3-4D2F-9D0E-B9195F4F79F6}.Debug|Any CPU.ActiveCfg = Debug|Any CPU
		{CE74B89A-40B3-4D2F-9D0E-B9195F4F79F6}.Debug|Any CPU.Build.0 = Debug|Any CPU
		{CE74B89A-40B3-4D2F-9D0E-B9195F4F79F6}.Release|Any CPU.ActiveCfg = Release|Any CPU
		{CE74B89A-40B3-4D2F-9D0E-B9195F4F79F6}.Release|Any CPU.Build.0 = Release|Any CPU
		{7FD5FA2B-64BE-47D9-AD6A-41002EECD86B}.Debug|Any CPU.ActiveCfg = Debug|Any CPU
		{7FD5FA2B-64BE-47D9-AD6A-41002EECD86B}.Debug|Any CPU.Build.0 = Debug|Any CPU
		{7FD5FA2B-64BE-47D9-AD6A-41002EECD86B}.Release|Any CPU.ActiveCfg = Release|Any CPU
		{7FD5FA2B-64BE-47D9-AD6A-41002EECD86B}.Release|Any CPU.Build.0 = Release|Any CPU
		{1D3DE631-6EB7-49D8-A0B0-1F26BAC8846E}.Debug|Any CPU.ActiveCfg = Debug|Any CPU
		{1D3DE631-6EB7-49D8-A0B0-1F26BAC8846E}.Debug|Any CPU.Build.0 = Debug|Any CPU
		{1D3DE631-6EB7-49D8-A0B0-1F26BAC8846E}.Release|Any CPU.ActiveCfg = Release|Any CPU
		{1D3DE631-6EB7-49D8-A0B0-1F26BAC8846E}.Release|Any CPU.Build.0 = Release|Any CPU
		{240B6772-0D55-452B-B944-EF2960CDEDBE}.Debug|Any CPU.ActiveCfg = Debug|Any CPU
		{240B6772-0D55-452B-B944-EF2960CDEDBE}.Debug|Any CPU.Build.0 = Debug|Any CPU
		{240B6772-0D55-452B-B944-EF2960CDEDBE}.Release|Any CPU.ActiveCfg = Release|Any CPU
		{240B6772-0D55-452B-B944-EF2960CDEDBE}.Release|Any CPU.Build.0 = Release|Any CPU
		{4528FF47-7EA5-470E-9D5A-781E1879230D}.Debug|Any CPU.ActiveCfg = Debug|Any CPU
		{4528FF47-7EA5-470E-9D5A-781E1879230D}.Debug|Any CPU.Build.0 = Debug|Any CPU
		{4528FF47-7EA5-470E-9D5A-781E1879230D}.Release|Any CPU.ActiveCfg = Release|Any CPU
		{4528FF47-7EA5-470E-9D5A-781E1879230D}.Release|Any CPU.Build.0 = Release|Any CPU
		{F8F899D1-2D46-4FA7-8069-C4B13BB896C2}.Debug|Any CPU.ActiveCfg = Debug|Any CPU
		{F8F899D1-2D46-4FA7-8069-C4B13BB896C2}.Debug|Any CPU.Build.0 = Debug|Any CPU
		{F8F899D1-2D46-4FA7-8069-C4B13BB896C2}.Release|Any CPU.ActiveCfg = Release|Any CPU
		{F8F899D1-2D46-4FA7-8069-C4B13BB896C2}.Release|Any CPU.Build.0 = Release|Any CPU
		{5AAB3576-AB52-439D-93B6-3EDB3A2FA48C}.Debug|Any CPU.ActiveCfg = Debug|Any CPU
		{5AAB3576-AB52-439D-93B6-3EDB3A2FA48C}.Debug|Any CPU.Build.0 = Debug|Any CPU
		{5AAB3576-AB52-439D-93B6-3EDB3A2FA48C}.Release|Any CPU.ActiveCfg = Release|Any CPU
		{5AAB3576-AB52-439D-93B6-3EDB3A2FA48C}.Release|Any CPU.Build.0 = Release|Any CPU
		{BF073125-5436-4780-9D6B-8EB936532211}.Debug|Any CPU.ActiveCfg = Debug|Any CPU
		{BF073125-5436-4780-9D6B-8EB936532211}.Debug|Any CPU.Build.0 = Debug|Any CPU
		{BF073125-5436-4780-9D6B-8EB936532211}.Release|Any CPU.ActiveCfg = Release|Any CPU
		{BF073125-5436-4780-9D6B-8EB936532211}.Release|Any CPU.Build.0 = Release|Any CPU
		{145BF244-3446-4DBE-841F-F1885D2D5640}.Debug|Any CPU.ActiveCfg = Debug|Any CPU
		{145BF244-3446-4DBE-841F-F1885D2D5640}.Debug|Any CPU.Build.0 = Debug|Any CPU
		{145BF244-3446-4DBE-841F-F1885D2D5640}.Release|Any CPU.ActiveCfg = Release|Any CPU
		{145BF244-3446-4DBE-841F-F1885D2D5640}.Release|Any CPU.Build.0 = Release|Any CPU
		{39375D8C-B139-4520-B39D-593189F84F72}.Debug|Any CPU.ActiveCfg = Debug|Any CPU
		{39375D8C-B139-4520-B39D-593189F84F72}.Debug|Any CPU.Build.0 = Debug|Any CPU
		{39375D8C-B139-4520-B39D-593189F84F72}.Release|Any CPU.ActiveCfg = Release|Any CPU
		{39375D8C-B139-4520-B39D-593189F84F72}.Release|Any CPU.Build.0 = Release|Any CPU
		{3C231EBA-1D04-4CB9-873C-7809C9D6B9E7}.Debug|Any CPU.ActiveCfg = Debug|Any CPU
		{3C231EBA-1D04-4CB9-873C-7809C9D6B9E7}.Debug|Any CPU.Build.0 = Debug|Any CPU
		{3C231EBA-1D04-4CB9-873C-7809C9D6B9E7}.Release|Any CPU.ActiveCfg = Release|Any CPU
		{3C231EBA-1D04-4CB9-873C-7809C9D6B9E7}.Release|Any CPU.Build.0 = Release|Any CPU
		{2A3FC62A-A8DC-44DB-AA29-C6B05BA2DBF2}.Debug|Any CPU.ActiveCfg = Debug|Any CPU
		{2A3FC62A-A8DC-44DB-AA29-C6B05BA2DBF2}.Debug|Any CPU.Build.0 = Debug|Any CPU
		{2A3FC62A-A8DC-44DB-AA29-C6B05BA2DBF2}.Release|Any CPU.ActiveCfg = Release|Any CPU
		{2A3FC62A-A8DC-44DB-AA29-C6B05BA2DBF2}.Release|Any CPU.Build.0 = Release|Any CPU
		{E0A487D9-E760-4567-BA9D-5FDF147FA046}.Debug|Any CPU.ActiveCfg = Debug|Any CPU
		{E0A487D9-E760-4567-BA9D-5FDF147FA046}.Debug|Any CPU.Build.0 = Debug|Any CPU
		{E0A487D9-E760-4567-BA9D-5FDF147FA046}.Release|Any CPU.ActiveCfg = Release|Any CPU
		{E0A487D9-E760-4567-BA9D-5FDF147FA046}.Release|Any CPU.Build.0 = Release|Any CPU
	EndGlobalSection
	GlobalSection(SolutionProperties) = preSolution
		HideSolutionNode = FALSE
	EndGlobalSection
	GlobalSection(NestedProjects) = preSolution
		{145BF244-3446-4DBE-841F-F1885D2D5640} = {525401E4-66FC-4A24-B705-4ED0B98B2CB6}
		{39375D8C-B139-4520-B39D-593189F84F72} = {525401E4-66FC-4A24-B705-4ED0B98B2CB6}
		{3C231EBA-1D04-4CB9-873C-7809C9D6B9E7} = {525401E4-66FC-4A24-B705-4ED0B98B2CB6}
		{2A3FC62A-A8DC-44DB-AA29-C6B05BA2DBF2} = {525401E4-66FC-4A24-B705-4ED0B98B2CB6}
		{E0A487D9-E760-4567-BA9D-5FDF147FA046} = {525401E4-66FC-4A24-B705-4ED0B98B2CB6}
	EndGlobalSection
	GlobalSection(ExtensibilityGlobals) = postSolution
		SolutionGuid = {AFC69049-6DEF-4F8B-8171-B895EE1FB250}
	EndGlobalSection
EndGlobal
